
Microsoft Visual Studio Solution File, Format Version 12.00
# Visual Studio Version 16
VisualStudioVersion = 16.0.30709.64
MinimumVisualStudioVersion = 10.0.40219.1
Project("{FAE04EC0-301F-11D3-BF4B-00C04F79EFBC}") = "CoreCICDTest", "CoreCICDTest\CoreCICDTest.csproj", "{9597B0F1-0525-462C-8682-CF957FB2960F}"
EndProject
Project("{FAE04EC0-301F-11D3-BF4B-00C04F79EFBC}") = "TestProject1", "TestProject1\TestProject1.csproj", "{5C9058A8-6F08-49FA-ACBA-5E3313BE352F}"
EndProject
Global
	GlobalSection(SolutionConfigurationPlatforms) = preSolution
		Debug|Any CPU = Debug|Any CPU
		Release|Any CPU = Release|Any CPU
	EndGlobalSection
	GlobalSection(ProjectConfigurationPlatforms) = postSolution
		{9597B0F1-0525-462C-8682-CF957FB2960F}.Debug|Any CPU.ActiveCfg = Debug|Any CPU
		{9597B0F1-0525-462C-8682-CF957FB2960F}.Debug|Any CPU.Build.0 = Debug|Any CPU
		{9597B0F1-0525-462C-8682-CF957FB2960F}.Release|Any CPU.ActiveCfg = Release|Any CPU
		{9597B0F1-0525-462C-8682-CF957FB2960F}.Release|Any CPU.Build.0 = Release|Any CPU
		{5C9058A8-6F08-49FA-ACBA-5E3313BE352F}.Debug|Any CPU.ActiveCfg = Debug|Any CPU
		{5C9058A8-6F08-49FA-ACBA-5E3313BE352F}.Debug|Any CPU.Build.0 = Debug|Any CPU
		{5C9058A8-6F08-49FA-ACBA-5E3313BE352F}.Release|Any CPU.ActiveCfg = Release|Any CPU
		{5C9058A8-6F08-49FA-ACBA-5E3313BE352F}.Release|Any CPU.Build.0 = Release|Any CPU
	EndGlobalSection
	GlobalSection(SolutionProperties) = preSolution
		HideSolutionNode = FALSE
	EndGlobalSection
	GlobalSection(ExtensibilityGlobals) = postSolution
		SolutionGuid = {5E8AE65D-F41B-43CE-8239-FF08FCD4CB40}
	EndGlobalSection
EndGlobal
